
Microsoft Visual Studio Solution File, Format Version 12.00
# Visual Studio Version 17
VisualStudioVersion = 17.10.35027.167
MinimumVisualStudioVersion = 10.0.40219.1
Project("{9A19103F-16F7-4668-BE54-9A1E7A4F7556}") = "Bulky.Presentation", "BulkyWeb\Bulky.Presentation.csproj", "{F90AE779-2E59-4697-9FFB-8A444A5C7C83}"
EndProject
Project("{FAE04EC0-301F-11D3-BF4B-00C04F79EFBC}") = "Bulky.DataAccess", "Bulky.DataAccess\Bulky.DataAccess.csproj", "{49507852-54AE-4CE7-940B-0D297A011478}"
EndProject
Project("{FAE04EC0-301F-11D3-BF4B-00C04F79EFBC}") = "Bulky.Models", "Bulky.Models\Bulky.Models.csproj", "{7310033C-4F3B-47BC-ABC2-EBA0EE858EB6}"
EndProject
Project("{FAE04EC0-301F-11D3-BF4B-00C04F79EFBC}") = "Bulky.Utility", "Bulky.Utility\Bulky.Utility.csproj", "{627C5C1C-07C7-4F20-BBB7-912D03A68DB4}"
EndProject
Global
	GlobalSection(SolutionConfigurationPlatforms) = preSolution
		Debug|Any CPU = Debug|Any CPU
		Release|Any CPU = Release|Any CPU
	EndGlobalSection
	GlobalSection(ProjectConfigurationPlatforms) = postSolution
		{F90AE779-2E59-4697-9FFB-8A444A5C7C83}.Debug|Any CPU.ActiveCfg = Debug|Any CPU
		{F90AE779-2E59-4697-9FFB-8A444A5C7C83}.Debug|Any CPU.Build.0 = Debug|Any CPU
		{F90AE779-2E59-4697-9FFB-8A444A5C7C83}.Release|Any CPU.ActiveCfg = Release|Any CPU
		{F90AE779-2E59-4697-9FFB-8A444A5C7C83}.Release|Any CPU.Build.0 = Release|Any CPU
		{49507852-54AE-4CE7-940B-0D297A011478}.Debug|Any CPU.ActiveCfg = Debug|Any CPU
		{49507852-54AE-4CE7-940B-0D297A011478}.Debug|Any CPU.Build.0 = Debug|Any CPU
		{49507852-54AE-4CE7-940B-0D297A011478}.Release|Any CPU.ActiveCfg = Release|Any CPU
		{49507852-54AE-4CE7-940B-0D297A011478}.Release|Any CPU.Build.0 = Release|Any CPU
		{7310033C-4F3B-47BC-ABC2-EBA0EE858EB6}.Debug|Any CPU.ActiveCfg = Debug|Any CPU
		{7310033C-4F3B-47BC-ABC2-EBA0EE858EB6}.Debug|Any CPU.Build.0 = Debug|Any CPU
		{7310033C-4F3B-47BC-ABC2-EBA0EE858EB6}.Release|Any CPU.ActiveCfg = Release|Any CPU
		{7310033C-4F3B-47BC-ABC2-EBA0EE858EB6}.Release|Any CPU.Build.0 = Release|Any CPU
		{627C5C1C-07C7-4F20-BBB7-912D03A68DB4}.Debug|Any CPU.ActiveCfg = Debug|Any CPU
		{627C5C1C-07C7-4F20-BBB7-912D03A68DB4}.Debug|Any CPU.Build.0 = Debug|Any CPU
		{627C5C1C-07C7-4F20-BBB7-912D03A68DB4}.Release|Any CPU.ActiveCfg = Release|Any CPU
		{627C5C1C-07C7-4F20-BBB7-912D03A68DB4}.Release|Any CPU.Build.0 = Release|Any CPU
	EndGlobalSection
	GlobalSection(SolutionProperties) = preSolution
		HideSolutionNode = FALSE
	EndGlobalSection
	GlobalSection(ExtensibilityGlobals) = postSolution
		SolutionGuid = {5CEE8E33-A0CE-4331-9D7B-1D706E0D20DF}
	EndGlobalSection
EndGlobal
